<?xml version="1.0" encoding="utf-8"?>
<Project ToolsVersion="4.0" xmlns="http://schemas.microsoft.com/developer/msbuild/2003">
  <ItemGroup>
    <Filter Include="Source Files">
      <UniqueIdentifier>{4FC737F1-C7A5-4376-A066-2A32D752A2FF}</UniqueIdentifier>
      <Extensions>cpp;c;cc;cxx;c++;cppm;ixx;def;odl;idl;hpj;bat;asm;asmx</Extensions>
    </Filter>
    <Filter Include="Header Files">
      <UniqueIdentifier>{93995380-89BD-4b04-88EB-625FBE52EBFB}</UniqueIdentifier>
      <Extensions>h;hh;hpp;hxx;h++;hm;inl;inc;ipp;xsd</Extensions>
    </Filter>
    <Filter Include="Resource Files">
      <UniqueIdentifier>{67DA6AB6-F800-4c08-8B7A-83BB121AAD01}</UniqueIdentifier>
      <Extensions>rc;ico;cur;bmp;dlg;rc2;rct;bin;rgs;gif;jpg;jpeg;jpe;resx;tiff;tif;png;wav;mfcribbon-ms</Extensions>
    </Filter>
  </ItemGroup>
  <ItemGroup>
    <ClCompile Include="VoidEngine\Audio\AudioEngine.cpp">
      <Filter>Source Files</Filter>
    </ClCompile>
    <ClCompile Include="VoidEngine\Dependencies\minivorbis\minivorbis.c">
      <Filter>Source Files</Filter>
    </ClCompile>
    <ClCompile Include="VoidEngine\Graphics\Camera\Camera3D.cpp">
      <Filter>Source Files</Filter>
    </ClCompile>
    <ClCompile Include="VoidEngine\Dependencies\stb\stb_image.cpp">
      <Filter>Source Files</Filter>
    </ClCompile>
    <ClCompile Include="VoidEngine\Graphics\Texture\Texture.cpp">
      <Filter>Source Files</Filter>
    </ClCompile>
    <ClCompile Include="VoidEngine\Graphics\Buffers.cpp">
      <Filter>Source Files</Filter>
    </ClCompile>
    <ClCompile Include="VoidEngine\Graphics\Geometry.cpp">
      <Filter>Source Files</Filter>
    </ClCompile>
    <ClCompile Include="VoidEngine\Graphics\GraphicsDevice.cpp">
      <Filter>Source Files</Filter>
    </ClCompile>
    <ClCompile Include="VoidEngine\Graphics\Model.cpp">
      <Filter>Source Files</Filter>
    </ClCompile>
    <ClCompile Include="VoidEngine\Graphics\RenderPass.cpp">
      <Filter>Source Files</Filter>
    </ClCompile>
    <ClCompile Include="VoidEngine\Graphics\RenderTarget.cpp">
      <Filter>Source Files</Filter>
    </ClCompile>
    <ClCompile Include="VoidEngine\Graphics\Shader.cpp">
      <Filter>Source Files</Filter>
    </ClCompile>
    <ClCompile Include="VoidEngine\Dependencies\tinyobjloader\tiny_obj_loader.cpp">
      <Filter>Source Files</Filter>
    </ClCompile>
    <ClCompile Include="VoidEngine\Utility\Time.cpp">
      <Filter>Source Files</Filter>
    </ClCompile>
    <ClCompile Include="VoidEngine\Window\Input.cpp">
      <Filter>Source Files</Filter>
    </ClCompile>
    <ClCompile Include="VoidEngine\Window\Window.cpp">
      <Filter>Source Files</Filter>
    </ClCompile>
    <ClCompile Include="Game\Application.cpp">
      <Filter>Source Files</Filter>
    </ClCompile>
    <ClCompile Include="Game\main.cpp">
      <Filter>Source Files</Filter>
    </ClCompile>
    <ClCompile Include="Game\PlayerCamera.cpp">
      <Filter>Source Files</Filter>
    </ClCompile>
    <ClCompile Include="VoidEngine\Graphics\Texture\HDRCubeMap.cpp">
      <Filter>Source Files</Filter>
    </ClCompile>
    <ClCompile Include="Game\Material.cpp">
      <Filter>Source Files</Filter>
    </ClCompile>
    <ClCompile Include="VoidEngine\Dependencies\OpenFBX\miniz.c">
      <Filter>Source Files</Filter>
    </ClCompile>
    <ClCompile Include="VoidEngine\Dependencies\OpenFBX\ofbx.cpp">
      <Filter>Source Files</Filter>
    </ClCompile>
  </ItemGroup>
  <ItemGroup>
    <ClInclude Include="VoidEngine\Audio\AudioEngine.h">
      <Filter>Header Files</Filter>
    </ClInclude>
    <ClInclude Include="VoidEngine\Dependencies\minimp3\minimp3.h">
      <Filter>Header Files</Filter>
    </ClInclude>
    <ClInclude Include="VoidEngine\Dependencies\minimp3\minimp3_ex.h">
      <Filter>Header Files</Filter>
    </ClInclude>
    <ClInclude Include="VoidEngine\Dependencies\minivorbis\minivorbis.h">
      <Filter>Header Files</Filter>
    </ClInclude>
    <ClInclude Include="VoidEngine\Graphics\Camera\Camera3D.h">
      <Filter>Header Files</Filter>
    </ClInclude>
    <ClInclude Include="VoidEngine\Dependencies\stb\stb_image.h">
      <Filter>Header Files</Filter>
    </ClInclude>
    <ClInclude Include="VoidEngine\Graphics\Texture\Texture.h">
      <Filter>Header Files</Filter>
    </ClInclude>
    <ClInclude Include="VoidEngine\Graphics\Buffers.h">
      <Filter>Header Files</Filter>
    </ClInclude>
    <ClInclude Include="VoidEngine\Graphics\Geometry.h">
      <Filter>Header Files</Filter>
    </ClInclude>
    <ClInclude Include="VoidEngine\Graphics\GraphicsDevice.h">
      <Filter>Header Files</Filter>
    </ClInclude>
    <ClInclude Include="VoidEngine\Graphics\Model.h">
      <Filter>Header Files</Filter>
    </ClInclude>
    <ClInclude Include="VoidEngine\Graphics\RenderPass.h">
      <Filter>Header Files</Filter>
    </ClInclude>
    <ClInclude Include="VoidEngine\Graphics\RenderTarget.h">
      <Filter>Header Files</Filter>
    </ClInclude>
    <ClInclude Include="VoidEngine\Graphics\Shader.h">
      <Filter>Header Files</Filter>
    </ClInclude>
    <ClInclude Include="VoidEngine\Dependencies\tinyobjloader\tiny_obj_loader.h">
      <Filter>Header Files</Filter>
    </ClInclude>
    <ClInclude Include="VoidEngine\Utility\Log.h">
      <Filter>Header Files</Filter>
    </ClInclude>
    <ClInclude Include="VoidEngine\Utility\Time.h">
      <Filter>Header Files</Filter>
    </ClInclude>
    <ClInclude Include="VoidEngine\Utility\Types.h">
      <Filter>Header Files</Filter>
    </ClInclude>
    <ClInclude Include="VoidEngine\Utility\Utils.h">
      <Filter>Header Files</Filter>
    </ClInclude>
    <ClInclude Include="VoidEngine\Window\Input.h">
      <Filter>Header Files</Filter>
    </ClInclude>
    <ClInclude Include="VoidEngine\Window\Window.h">
      <Filter>Header Files</Filter>
    </ClInclude>
    <ClInclude Include="Game\Application.h">
      <Filter>Header Files</Filter>
    </ClInclude>
    <ClInclude Include="Game\PlayerCamera.h">
      <Filter>Header Files</Filter>
    </ClInclude>
    <ClInclude Include="VoidEngine\Graphics\Texture\HDRCubeMap.h">
      <Filter>Header Files</Filter>
    </ClInclude>
    <ClInclude Include="Game\Material.h">
      <Filter>Header Files</Filter>
    </ClInclude>
    <ClInclude Include="VoidEngine\Dependencies\OpenFBX\ofbx.h">
      <Filter>Header Files</Filter>
    </ClInclude>
    <ClInclude Include="VoidEngine\Dependencies\OpenFBX\miniz.h">
      <Filter>Header Files</Filter>
    </ClInclude>
  </ItemGroup>
</Project>